
Microsoft Visual Studio Solution File, Format Version 12.00
# Visual Studio Version 16
VisualStudioVersion = 16.0.30611.23
MinimumVisualStudioVersion = 10.0.40219.1
Project("{FAE04EC0-301F-11D3-BF4B-00C04F79EFBC}") = "TrabajoFinal_Unidad_I", "TrabajoFinal_Unidad_I.csproj", "{8EA8D0F5-45BF-408E-9A79-4CF7D3C693F4}"
EndProject
Global
	GlobalSection(SolutionConfigurationPlatforms) = preSolution
		Debug|Any CPU = Debug|Any CPU
		Release|Any CPU = Release|Any CPU
	EndGlobalSection
	GlobalSection(ProjectConfigurationPlatforms) = postSolution
		{8EA8D0F5-45BF-408E-9A79-4CF7D3C693F4}.Debug|Any CPU.ActiveCfg = Debug|Any CPU
		{8EA8D0F5-45BF-408E-9A79-4CF7D3C693F4}.Debug|Any CPU.Build.0 = Debug|Any CPU
		{8EA8D0F5-45BF-408E-9A79-4CF7D3C693F4}.Release|Any CPU.ActiveCfg = Release|Any CPU
		{8EA8D0F5-45BF-408E-9A79-4CF7D3C693F4}.Release|Any CPU.Build.0 = Release|Any CPU
	EndGlobalSection
	GlobalSection(SolutionProperties) = preSolution
		HideSolutionNode = FALSE
	EndGlobalSection
	GlobalSection(ExtensibilityGlobals) = postSolution
		SolutionGuid = {578966F0-2ADB-4A37-9C3C-6D99FBCFE810}
	EndGlobalSection
EndGlobal
